
Microsoft Visual Studio Solution File, Format Version 12.00
# Visual Studio Version 17
VisualStudioVersion = 17.11.35303.130
MinimumVisualStudioVersion = 10.0.40219.1
Project("{9A19103F-16F7-4668-BE54-9A1E7A4F7556}") = "Model", "Model\Model.csproj", "{DF7DDB35-10C4-4FE5-AD48-0D54F344EE70}"
EndProject
Project("{9A19103F-16F7-4668-BE54-9A1E7A4F7556}") = "Model.Discord", "Model.Discord\Model.Discord.csproj", "{EBAA46A5-2F16-4380-9AC4-916EED7E270B}"
EndProject
Project("{9A19103F-16F7-4668-BE54-9A1E7A4F7556}") = "ConsoleApp", "ConsoleApp\ConsoleApp.csproj", "{C5C9EE30-8472-4B07-A688-0F8AFE9B738F}"
EndProject
Project("{9A19103F-16F7-4668-BE54-9A1E7A4F7556}") = "Model.Email", "Model.Email\Model.Email.csproj", "{1D2967A2-D752-48D7-841D-478D31D6316A}"
EndProject
Global
	GlobalSection(SolutionConfigurationPlatforms) = preSolution
		Debug|Any CPU = Debug|Any CPU
		Release|Any CPU = Release|Any CPU
	EndGlobalSection
	GlobalSection(ProjectConfigurationPlatforms) = postSolution
		{DF7DDB35-10C4-4FE5-AD48-0D54F344EE70}.Debug|Any CPU.ActiveCfg = Debug|Any CPU
		{DF7DDB35-10C4-4FE5-AD48-0D54F344EE70}.Debug|Any CPU.Build.0 = Debug|Any CPU
		{DF7DDB35-10C4-4FE5-AD48-0D54F344EE70}.Release|Any CPU.ActiveCfg = Release|Any CPU
		{DF7DDB35-10C4-4FE5-AD48-0D54F344EE70}.Release|Any CPU.Build.0 = Release|Any CPU
		{EBAA46A5-2F16-4380-9AC4-916EED7E270B}.Debug|Any CPU.ActiveCfg = Debug|Any CPU
		{EBAA46A5-2F16-4380-9AC4-916EED7E270B}.Debug|Any CPU.Build.0 = Debug|Any CPU
		{EBAA46A5-2F16-4380-9AC4-916EED7E270B}.Release|Any CPU.ActiveCfg = Release|Any CPU
		{EBAA46A5-2F16-4380-9AC4-916EED7E270B}.Release|Any CPU.Build.0 = Release|Any CPU
		{C5C9EE30-8472-4B07-A688-0F8AFE9B738F}.Debug|Any CPU.ActiveCfg = Debug|Any CPU
		{C5C9EE30-8472-4B07-A688-0F8AFE9B738F}.Debug|Any CPU.Build.0 = Debug|Any CPU
		{C5C9EE30-8472-4B07-A688-0F8AFE9B738F}.Release|Any CPU.ActiveCfg = Release|Any CPU
		{C5C9EE30-8472-4B07-A688-0F8AFE9B738F}.Release|Any CPU.Build.0 = Release|Any CPU
		{1D2967A2-D752-48D7-841D-478D31D6316A}.Debug|Any CPU.ActiveCfg = Debug|Any CPU
		{1D2967A2-D752-48D7-841D-478D31D6316A}.Debug|Any CPU.Build.0 = Debug|Any CPU
		{1D2967A2-D752-48D7-841D-478D31D6316A}.Release|Any CPU.ActiveCfg = Release|Any CPU
		{1D2967A2-D752-48D7-841D-478D31D6316A}.Release|Any CPU.Build.0 = Release|Any CPU
	EndGlobalSection
	GlobalSection(SolutionProperties) = preSolution
		HideSolutionNode = FALSE
	EndGlobalSection
	GlobalSection(ExtensibilityGlobals) = postSolution
		SolutionGuid = {89EC1D40-B470-4B40-B14E-DC9426FBBF27}
	EndGlobalSection
EndGlobal
